// !$*UTF8*$!
{
	archiveVersion = 1;
	classes = {
	};
	objectVersion = 50;
	objects = {

/* Begin PBXBuildFile section */
		800C6660270055EA00FC1CBE /* InvestedApp.swift in Sources */ = {isa = PBXBuildFile; fileRef = 800C665F270055EA00FC1CBE /* InvestedApp.swift */; };
		800C6662270055EA00FC1CBE /* ContentView.swift in Sources */ = {isa = PBXBuildFile; fileRef = 800C6661270055EA00FC1CBE /* ContentView.swift */; };
		800C6664270055EC00FC1CBE /* Assets.xcassets in Resources */ = {isa = PBXBuildFile; fileRef = 800C6663270055EC00FC1CBE /* Assets.xcassets */; };
		800C6667270055EC00FC1CBE /* Preview Assets.xcassets in Resources */ = {isa = PBXBuildFile; fileRef = 800C6666270055EC00FC1CBE /* Preview Assets.xcassets */; };
		800C6672270055ED00FC1CBE /* InvestedTests.swift in Sources */ = {isa = PBXBuildFile; fileRef = 800C6671270055ED00FC1CBE /* InvestedTests.swift */; };
		800C667D270055ED00FC1CBE /* InvestedUITests.swift in Sources */ = {isa = PBXBuildFile; fileRef = 800C667C270055ED00FC1CBE /* InvestedUITests.swift */; };
/* End PBXBuildFile section */

/* Begin PBXContainerItemProxy section */
		800C666E270055ED00FC1CBE /* PBXContainerItemProxy */ = {
			isa = PBXContainerItemProxy;
			containerPortal = 800C6654270055EA00FC1CBE /* Project object */;
			proxyType = 1;
			remoteGlobalIDString = 800C665B270055EA00FC1CBE;
			remoteInfo = Invested;
		};
		800C6679270055ED00FC1CBE /* PBXContainerItemProxy */ = {
			isa = PBXContainerItemProxy;
			containerPortal = 800C6654270055EA00FC1CBE /* Project object */;
			proxyType = 1;
			remoteGlobalIDString = 800C665B270055EA00FC1CBE;
			remoteInfo = Invested;
		};
/* End PBXContainerItemProxy section */

/* Begin PBXFileReference section */
		800C665C270055EA00FC1CBE /* Invested.app */ = {isa = PBXFileReference; explicitFileType = wrapper.application; includeInIndex = 0; path = Invested.app; sourceTree = BUILT_PRODUCTS_DIR; };
		800C665F270055EA00FC1CBE /* InvestedApp.swift */ = {isa = PBXFileReference; lastKnownFileType = sourcecode.swift; path = InvestedApp.swift; sourceTree = "<group>"; };
		800C6661270055EA00FC1CBE /* ContentView.swift */ = {isa = PBXFileReference; lastKnownFileType = sourcecode.swift; path = ContentView.swift; sourceTree = "<group>"; };
		800C6663270055EC00FC1CBE /* Assets.xcassets */ = {isa = PBXFileReference; lastKnownFileType = folder.assetcatalog; path = Assets.xcassets; sourceTree = "<group>"; };
		800C6666270055EC00FC1CBE /* Preview Assets.xcassets */ = {isa = PBXFileReference; lastKnownFileType = folder.assetcatalog; path = "Preview Assets.xcassets"; sourceTree = "<group>"; };
		800C6668270055EC00FC1CBE /* Info.plist */ = {isa = PBXFileReference; lastKnownFileType = text.plist.xml; path = Info.plist; sourceTree = "<group>"; };
		800C666D270055ED00FC1CBE /* InvestedTests.xctest */ = {isa = PBXFileReference; explicitFileType = wrapper.cfbundle; includeInIndex = 0; path = InvestedTests.xctest; sourceTree = BUILT_PRODUCTS_DIR; };
		800C6671270055ED00FC1CBE /* InvestedTests.swift */ = {isa = PBXFileReference; lastKnownFileType = sourcecode.swift; path = InvestedTests.swift; sourceTree = "<group>"; };
		800C6673270055ED00FC1CBE /* Info.plist */ = {isa = PBXFileReference; lastKnownFileType = text.plist.xml; path = Info.plist; sourceTree = "<group>"; };
		800C6678270055ED00FC1CBE /* InvestedUITests.xctest */ = {isa = PBXFileReference; explicitFileType = wrapper.cfbundle; includeInIndex = 0; path = InvestedUITests.xctest; sourceTree = BUILT_PRODUCTS_DIR; };
		800C667C270055ED00FC1CBE /* InvestedUITests.swift */ = {isa = PBXFileReference; lastKnownFileType = sourcecode.swift; path = InvestedUITests.swift; sourceTree = "<group>"; };
		800C667E270055ED00FC1CBE /* Info.plist */ = {isa = PBXFileReference; lastKnownFileType = text.plist.xml; path = Info.plist; sourceTree = "<group>"; };
/* End PBXFileReference section */

/* Begin PBXFrameworksBuildPhase section */
		800C6659270055EA00FC1CBE /* Frameworks */ = {
			isa = PBXFrameworksBuildPhase;
			buildActionMask = 2147483647;
			files = (
			);
			runOnlyForDeploymentPostprocessing = 0;
		};
		800C666A270055ED00FC1CBE /* Frameworks */ = {
			isa = PBXFrameworksBuildPhase;
			buildActionMask = 2147483647;
			files = (
			);
			runOnlyForDeploymentPostprocessing = 0;
		};
		800C6675270055ED00FC1CBE /* Frameworks */ = {
			isa = PBXFrameworksBuildPhase;
			buildActionMask = 2147483647;
			files = (
			);
			runOnlyForDeploymentPostprocessing = 0;
		};
/* End PBXFrameworksBuildPhase section */

/* Begin PBXGroup section */
		800C6653270055EA00FC1CBE = {
			isa = PBXGroup;
			children = (
				800C665E270055EA00FC1CBE /* Invested */,
				800C6670270055ED00FC1CBE /* InvestedTests */,
				800C667B270055ED00FC1CBE /* InvestedUITests */,
				800C665D270055EA00FC1CBE /* Products */,
			);
			sourceTree = "<group>";
		};
		800C665D270055EA00FC1CBE /* Products */ = {
			isa = PBXGroup;
			children = (
				800C665C270055EA00FC1CBE /* Invested.app */,
				800C666D270055ED00FC1CBE /* InvestedTests.xctest */,
				800C6678270055ED00FC1CBE /* InvestedUITests.xctest */,
			);
			name = Products;
			sourceTree = "<group>";
		};
		800C665E270055EA00FC1CBE /* Invested */ = {
			isa = PBXGroup;
			children = (
				800C665F270055EA00FC1CBE /* InvestedApp.swift */,
				800C6661270055EA00FC1CBE /* ContentView.swift */,
				800C6663270055EC00FC1CBE /* Assets.xcassets */,
				800C6668270055EC00FC1CBE /* Info.plist */,
				800C6665270055EC00FC1CBE /* Preview Content */,
			);
			path = Invested;
			sourceTree = "<group>";
		};
		800C6665270055EC00FC1CBE /* Preview Content */ = {
			isa = PBXGroup;
			children = (
				800C6666270055EC00FC1CBE /* Preview Assets.xcassets */,
			);
			path = "Preview Content";
			sourceTree = "<group>";
		};
		800C6670270055ED00FC1CBE /* InvestedTests */ = {
			isa = PBXGroup;
			children = (
				800C6671270055ED00FC1CBE /* InvestedTests.swift */,
				800C6673270055ED00FC1CBE /* Info.plist */,
			);
			path = InvestedTests;
			sourceTree = "<group>";
		};
		800C667B270055ED00FC1CBE /* InvestedUITests */ = {
			isa = PBXGroup;
			children = (
				800C667C270055ED00FC1CBE /* InvestedUITests.swift */,
				800C667E270055ED00FC1CBE /* Info.plist */,
			);
			path = InvestedUITests;
			sourceTree = "<group>";
		};
/* End PBXGroup section */

/* Begin PBXNativeTarget section */
		800C665B270055EA00FC1CBE /* Invested */ = {
			isa = PBXNativeTarget;
			buildConfigurationList = 800C6681270055ED00FC1CBE /* Build configuration list for PBXNativeTarget "Invested" */;
			buildPhases = (
				800C6658270055EA00FC1CBE /* Sources */,
				800C6659270055EA00FC1CBE /* Frameworks */,
				800C665A270055EA00FC1CBE /* Resources */,
			);
			buildRules = (
			);
			dependencies = (
			);
			name = Invested;
			productName = Invested;
			productReference = 800C665C270055EA00FC1CBE /* Invested.app */;
			productType = "com.apple.product-type.application";
		};
		800C666C270055ED00FC1CBE /* InvestedTests */ = {
			isa = PBXNativeTarget;
			buildConfigurationList = 800C6684270055ED00FC1CBE /* Build configuration list for PBXNativeTarget "InvestedTests" */;
			buildPhases = (
				800C6669270055ED00FC1CBE /* Sources */,
				800C666A270055ED00FC1CBE /* Frameworks */,
				800C666B270055ED00FC1CBE /* Resources */,
			);
			buildRules = (
			);
			dependencies = (
				800C666F270055ED00FC1CBE /* PBXTargetDependency */,
			);
			name = InvestedTests;
			productName = InvestedTests;
			productReference = 800C666D270055ED00FC1CBE /* InvestedTests.xctest */;
			productType = "com.apple.product-type.bundle.unit-test";
		};
		800C6677270055ED00FC1CBE /* InvestedUITests */ = {
			isa = PBXNativeTarget;
			buildConfigurationList = 800C6687270055ED00FC1CBE /* Build configuration list for PBXNativeTarget "InvestedUITests" */;
			buildPhases = (
				800C6674270055ED00FC1CBE /* Sources */,
				800C6675270055ED00FC1CBE /* Frameworks */,
				800C6676270055ED00FC1CBE /* Resources */,
			);
			buildRules = (
			);
			dependencies = (
				800C667A270055ED00FC1CBE /* PBXTargetDependency */,
			);
			name = InvestedUITests;
			productName = InvestedUITests;
			productReference = 800C6678270055ED00FC1CBE /* InvestedUITests.xctest */;
			productType = "com.apple.product-type.bundle.ui-testing";
		};
/* End PBXNativeTarget section */

/* Begin PBXProject section */
		800C6654270055EA00FC1CBE /* Project object */ = {
			isa = PBXProject;
			attributes = {
				LastSwiftUpdateCheck = 1250;
				LastUpgradeCheck = 1250;
				TargetAttributes = {
					800C665B270055EA00FC1CBE = {
						CreatedOnToolsVersion = 12.5.1;
					};
					800C666C270055ED00FC1CBE = {
						CreatedOnToolsVersion = 12.5.1;
						TestTargetID = 800C665B270055EA00FC1CBE;
					};
					800C6677270055ED00FC1CBE = {
						CreatedOnToolsVersion = 12.5.1;
						TestTargetID = 800C665B270055EA00FC1CBE;
					};
				};
			};
			buildConfigurationList = 800C6657270055EA00FC1CBE /* Build configuration list for PBXProject "Invested" */;
			compatibilityVersion = "Xcode 9.3";
			developmentRegion = en;
			hasScannedForEncodings = 0;
			knownRegions = (
				en,
				Base,
			);
			mainGroup = 800C6653270055EA00FC1CBE;
			productRefGroup = 800C665D270055EA00FC1CBE /* Products */;
			projectDirPath = "";
			projectRoot = "";
			targets = (
				800C665B270055EA00FC1CBE /* Invested */,
				800C666C270055ED00FC1CBE /* InvestedTests */,
				800C6677270055ED00FC1CBE /* InvestedUITests */,
			);
		};
/* End PBXProject section */

/* Begin PBXResourcesBuildPhase section */
		800C665A270055EA00FC1CBE /* Resources */ = {
			isa = PBXResourcesBuildPhase;
			buildActionMask = 2147483647;
			files = (
				800C6667270055EC00FC1CBE /* Preview Assets.xcassets in Resources */,
				800C6664270055EC00FC1CBE /* Assets.xcassets in Resources */,
			);
			runOnlyForDeploymentPostprocessing = 0;
		};
		800C666B270055ED00FC1CBE /* Resources */ = {
			isa = PBXResourcesBuildPhase;
			buildActionMask = 2147483647;
			files = (
			);
			runOnlyForDeploymentPostprocessing = 0;
		};
		800C6676270055ED00FC1CBE /* Resources */ = {
			isa = PBXResourcesBuildPhase;
			buildActionMask = 2147483647;
			files = (
			);
			runOnlyForDeploymentPostprocessing = 0;
		};
/* End PBXResourcesBuildPhase section */

/* Begin PBXSourcesBuildPhase section */
		800C6658270055EA00FC1CBE /* Sources */ = {
			isa = PBXSourcesBuildPhase;
			buildActionMask = 2147483647;
			files = (
				800C6662270055EA00FC1CBE /* ContentView.swift in Sources */,
				800C6660270055EA00FC1CBE /* InvestedApp.swift in Sources */,
			);
			runOnlyForDeploymentPostprocessing = 0;
		};
		800C6669270055ED00FC1CBE /* Sources */ = {
			isa = PBXSourcesBuildPhase;
			buildActionMask = 2147483647;
			files = (
				800C6672270055ED00FC1CBE /* InvestedTests.swift in Sources */,
			);
			runOnlyForDeploymentPostprocessing = 0;
		};
		800C6674270055ED00FC1CBE /* Sources */ = {
			isa = PBXSourcesBuildPhase;
			buildActionMask = 2147483647;
			files = (
				800C667D270055ED00FC1CBE /* InvestedUITests.swift in Sources */,
			);
			runOnlyForDeploymentPostprocessing = 0;
		};
/* End PBXSourcesBuildPhase section */

/* Begin PBXTargetDependency section */
		800C666F270055ED00FC1CBE /* PBXTargetDependency */ = {
			isa = PBXTargetDependency;
			target = 800C665B270055EA00FC1CBE /* Invested */;
			targetProxy = 800C666E270055ED00FC1CBE /* PBXContainerItemProxy */;
		};
		800C667A270055ED00FC1CBE /* PBXTargetDependency */ = {
			isa = PBXTargetDependency;
			target = 800C665B270055EA00FC1CBE /* Invested */;
			targetProxy = 800C6679270055ED00FC1CBE /* PBXContainerItemProxy */;
		};
/* End PBXTargetDependency section */

/* Begin XCBuildConfiguration section */
		800C667F270055ED00FC1CBE /* Debug */ = {
			isa = XCBuildConfiguration;
			buildSettings = {
				ALWAYS_SEARCH_USER_PATHS = NO;
				CLANG_ANALYZER_NONNULL = YES;
				CLANG_ANALYZER_NUMBER_OBJECT_CONVERSION = YES_AGGRESSIVE;
				CLANG_CXX_LANGUAGE_STANDARD = "gnu++14";
				CLANG_CXX_LIBRARY = "libc++";
				CLANG_ENABLE_MODULES = YES;
				CLANG_ENABLE_OBJC_ARC = YES;
				CLANG_ENABLE_OBJC_WEAK = YES;
				CLANG_WARN_BLOCK_CAPTURE_AUTORELEASING = YES;
				CLANG_WARN_BOOL_CONVERSION = YES;
				CLANG_WARN_COMMA = YES;
				CLANG_WARN_CONSTANT_CONVERSION = YES;
				CLANG_WARN_DEPRECATED_OBJC_IMPLEMENTATIONS = YES;
				CLANG_WARN_DIRECT_OBJC_ISA_USAGE = YES_ERROR;
				CLANG_WARN_DOCUMENTATION_COMMENTS = YES;
				CLANG_WARN_EMPTY_BODY = YES;
				CLANG_WARN_ENUM_CONVERSION = YES;
				CLANG_WARN_INFINITE_RECURSION = YES;
				CLANG_WARN_INT_CONVERSION = YES;
				CLANG_WARN_NON_LITERAL_NULL_CONVERSION = YES;
				CLANG_WARN_OBJC_IMPLICIT_RETAIN_SELF = YES;
				CLANG_WARN_OBJC_LITERAL_CONVERSION = YES;
				CLANG_WARN_OBJC_ROOT_CLASS = YES_ERROR;
				CLANG_WARN_QUOTED_INCLUDE_IN_FRAMEWORK_HEADER = YES;
				CLANG_WARN_RANGE_LOOP_ANALYSIS = YES;
				CLANG_WARN_STRICT_PROTOTYPES = YES;
				CLANG_WARN_SUSPICIOUS_MOVE = YES;
				CLANG_WARN_UNGUARDED_AVAILABILITY = YES_AGGRESSIVE;
				CLANG_WARN_UNREACHABLE_CODE = YES;
				CLANG_WARN__DUPLICATE_METHOD_MATCH = YES;
				COPY_PHASE_STRIP = NO;
				DEBUG_INFORMATION_FORMAT = dwarf;
				ENABLE_STRICT_OBJC_MSGSEND = YES;
				ENABLE_TESTABILITY = YES;
				GCC_C_LANGUAGE_STANDARD = gnu11;
				GCC_DYNAMIC_NO_PIC = NO;
				GCC_NO_COMMON_BLOCKS = YES;
				GCC_OPTIMIZATION_LEVEL = 0;
				GCC_PREPROCESSOR_DEFINITIONS = (
					"DEBUG=1",
					"$(inherited)",
				);
				GCC_WARN_64_TO_32_BIT_CONVERSION = YES;
				GCC_WARN_ABOUT_RETURN_TYPE = YES_ERROR;
				GCC_WARN_UNDECLARED_SELECTOR = YES;
				GCC_WARN_UNINITIALIZED_AUTOS = YES_AGGRESSIVE;
				GCC_WARN_UNUSED_FUNCTION = YES;
				GCC_WARN_UNUSED_VARIABLE = YES;
				IPHONEOS_DEPLOYMENT_TARGET = 14.5;
				MTL_ENABLE_DEBUG_INFO = INCLUDE_SOURCE;
				MTL_FAST_MATH = YES;
				ONLY_ACTIVE_ARCH = YES;
				SDKROOT = iphoneos;
				SWIFT_ACTIVE_COMPILATION_CONDITIONS = DEBUG;
				SWIFT_OPTIMIZATION_LEVEL = "-Onone";
			};
			name = Debug;
		};
		800C6680270055ED00FC1CBE /* Release */ = {
			isa = XCBuildConfiguration;
			buildSettings = {
				ALWAYS_SEARCH_USER_PATHS = NO;
				CLANG_ANALYZER_NONNULL = YES;
				CLANG_ANALYZER_NUMBER_OBJECT_CONVERSION = YES_AGGRESSIVE;
				CLANG_CXX_LANGUAGE_STANDARD = "gnu++14";
				CLANG_CXX_LIBRARY = "libc++";
				CLANG_ENABLE_MODULES = YES;
				CLANG_ENABLE_OBJC_ARC = YES;
				CLANG_ENABLE_OBJC_WEAK = YES;
				CLANG_WARN_BLOCK_CAPTURE_AUTORELEASING = YES;
				CLANG_WARN_BOOL_CONVERSION = YES;
				CLANG_WARN_COMMA = YES;
				CLANG_WARN_CONSTANT_CONVERSION = YES;
				CLANG_WARN_DEPRECATED_OBJC_IMPLEMENTATIONS = YES;
				CLANG_WARN_DIRECT_OBJC_ISA_USAGE = YES_ERROR;
				CLANG_WARN_DOCUMENTATION_COMMENTS = YES;
				CLANG_WARN_EMPTY_BODY = YES;
				CLANG_WARN_ENUM_CONVERSION = YES;
				CLANG_WARN_INFINITE_RECURSION = YES;
				CLANG_WARN_INT_CONVERSION = YES;
				CLANG_WARN_NON_LITERAL_NULL_CONVERSION = YES;
				CLANG_WARN_OBJC_IMPLICIT_RETAIN_SELF = YES;
				CLANG_WARN_OBJC_LITERAL_CONVERSION = YES;
				CLANG_WARN_OBJC_ROOT_CLASS = YES_ERROR;
				CLANG_WARN_QUOTED_INCLUDE_IN_FRAMEWORK_HEADER = YES;
				CLANG_WARN_RANGE_LOOP_ANALYSIS = YES;
				CLANG_WARN_STRICT_PROTOTYPES = YES;
				CLANG_WARN_SUSPICIOUS_MOVE = YES;
				CLANG_WARN_UNGUARDED_AVAILABILITY = YES_AGGRESSIVE;
				CLANG_WARN_UNREACHABLE_CODE = YES;
				CLANG_WARN__DUPLICATE_METHOD_MATCH = YES;
				COPY_PHASE_STRIP = NO;
				DEBUG_INFORMATION_FORMAT = "dwarf-with-dsym";
				ENABLE_NS_ASSERTIONS = NO;
				ENABLE_STRICT_OBJC_MSGSEND = YES;
				GCC_C_LANGUAGE_STANDARD = gnu11;
				GCC_NO_COMMON_BLOCKS = YES;
				GCC_WARN_64_TO_32_BIT_CONVERSION = YES;
				GCC_WARN_ABOUT_RETURN_TYPE = YES_ERROR;
				GCC_WARN_UNDECLARED_SELECTOR = YES;
				GCC_WARN_UNINITIALIZED_AUTOS = YES_AGGRESSIVE;
				GCC_WARN_UNUSED_FUNCTION = YES;
				GCC_WARN_UNUSED_VARIABLE = YES;
				IPHONEOS_DEPLOYMENT_TARGET = 14.5;
				MTL_ENABLE_DEBUG_INFO = NO;
				MTL_FAST_MATH = YES;
				SDKROOT = iphoneos;
				SWIFT_COMPILATION_MODE = wholemodule;
				SWIFT_OPTIMIZATION_LEVEL = "-O";
				VALIDATE_PRODUCT = YES;
			};
			name = Release;
		};
		800C6682270055ED00FC1CBE /* Debug */ = {
			isa = XCBuildConfiguration;
			buildSettings = {
				ASSETCATALOG_COMPILER_APPICON_NAME = AppIcon;
				ASSETCATALOG_COMPILER_GLOBAL_ACCENT_COLOR_NAME = AccentColor;
				CODE_SIGN_STYLE = Automatic;
				DEVELOPMENT_ASSET_PATHS = "\"Invested/Preview Content\"";
				DEVELOPMENT_TEAM = QQLG7C29F5;
				ENABLE_PREVIEWS = YES;
				INFOPLIST_FILE = Invested/Info.plist;
				IPHONEOS_DEPLOYMENT_TARGET = 14.0;
				LD_RUNPATH_SEARCH_PATHS = (
					"$(inherited)",
					"@executable_path/Frameworks",
				);
				PRODUCT_BUNDLE_IDENTIFIER = com.itiiim.Invested;
				PRODUCT_NAME = "$(TARGET_NAME)";
				SWIFT_VERSION = 5.0;
				TARGETED_DEVICE_FAMILY = "1,2";
			};
			name = Debug;
		};
		800C6683270055ED00FC1CBE /* Release */ = {
			isa = XCBuildConfiguration;
			buildSettings = {
				ASSETCATALOG_COMPILER_APPICON_NAME = AppIcon;
				ASSETCATALOG_COMPILER_GLOBAL_ACCENT_COLOR_NAME = AccentColor;
				CODE_SIGN_STYLE = Automatic;
				DEVELOPMENT_ASSET_PATHS = "\"Invested/Preview Content\"";
				DEVELOPMENT_TEAM = QQLG7C29F5;
				ENABLE_PREVIEWS = YES;
				INFOPLIST_FILE = Invested/Info.plist;
				IPHONEOS_DEPLOYMENT_TARGET = 14.0;
				LD_RUNPATH_SEARCH_PATHS = (
					"$(inherited)",
					"@executable_path/Frameworks",
				);
				PRODUCT_BUNDLE_IDENTIFIER = com.itiiim.Invested;
				PRODUCT_NAME = "$(TARGET_NAME)";
				SWIFT_VERSION = 5.0;
				TARGETED_DEVICE_FAMILY = "1,2";
			};
			name = Release;
		};
		800C6685270055ED00FC1CBE /* Debug */ = {
			isa = XCBuildConfiguration;
			buildSettings = {
				ALWAYS_EMBED_SWIFT_STANDARD_LIBRARIES = YES;
				BUNDLE_LOADER = "$(TEST_HOST)";
				CODE_SIGN_STYLE = Automatic;
				DEVELOPMENT_TEAM = QQLG7C29F5;
				INFOPLIST_FILE = InvestedTests/Info.plist;
				IPHONEOS_DEPLOYMENT_TARGET = 14.0;
				LD_RUNPATH_SEARCH_PATHS = (
					"$(inherited)",
					"@executable_path/Frameworks",
					"@loader_path/Frameworks",
				);
				PRODUCT_BUNDLE_IDENTIFIER = com.itiiim.InvestedTests;
				PRODUCT_NAME = "$(TARGET_NAME)";
				SWIFT_VERSION = 5.0;
				TARGETED_DEVICE_FAMILY = "1,2";
				TEST_HOST = "$(BUILT_PRODUCTS_DIR)/Invested.app/Invested";
			};
			name = Debug;
		};
		800C6686270055ED00FC1CBE /* Release */ = {
			isa = XCBuildConfiguration;
			buildSettings = {
				ALWAYS_EMBED_SWIFT_STANDARD_LIBRARIES = YES;
				BUNDLE_LOADER = "$(TEST_HOST)";
				CODE_SIGN_STYLE = Automatic;
				DEVELOPMENT_TEAM = QQLG7C29F5;
				INFOPLIST_FILE = InvestedTests/Info.plist;
				IPHONEOS_DEPLOYMENT_TARGET = 14.0;
				LD_RUNPATH_SEARCH_PATHS = (
					"$(inherited)",
					"@executable_path/Frameworks",
					"@loader_path/Frameworks",
				);
				PRODUCT_BUNDLE_IDENTIFIER = com.itiiim.InvestedTests;
				PRODUCT_NAME = "$(TARGET_NAME)";
				SWIFT_VERSION = 5.0;
				TARGETED_DEVICE_FAMILY = "1,2";
				TEST_HOST = "$(BUILT_PRODUCTS_DIR)/Invested.app/Invested";
			};
			name = Release;
		};
		800C6688270055ED00FC1CBE /* Debug */ = {
			isa = XCBuildConfiguration;
			buildSettings = {
				ALWAYS_EMBED_SWIFT_STANDARD_LIBRARIES = YES;
				CODE_SIGN_STYLE = Automatic;
				DEVELOPMENT_TEAM = QQLG7C29F5;
				INFOPLIST_FILE = InvestedUITests/Info.plist;
				LD_RUNPATH_SEARCH_PATHS = (
					"$(inherited)",
					"@executable_path/Frameworks",
					"@loader_path/Frameworks",
				);
				PRODUCT_BUNDLE_IDENTIFIER = com.itiiim.InvestedUITests;
				PRODUCT_NAME = "$(TARGET_NAME)";
				SWIFT_VERSION = 5.0;
				TARGETED_DEVICE_FAMILY = "1,2";
				TEST_TARGET_NAME = Invested;
			};
			name = Debug;
		};
		800C6689270055ED00FC1CBE /* Release */ = {
			isa = XCBuildConfiguration;
			buildSettings = {
				ALWAYS_EMBED_SWIFT_STANDARD_LIBRARIES = YES;
				CODE_SIGN_STYLE = Automatic;
				DEVELOPMENT_TEAM = QQLG7C29F5;
				INFOPLIST_FILE = InvestedUITests/Info.plist;
				LD_RUNPATH_SEARCH_PATHS = (
					"$(inherited)",
					"@executable_path/Frameworks",
					"@loader_path/Frameworks",
				);
				PRODUCT_BUNDLE_IDENTIFIER = com.itiiim.InvestedUITests;
				PRODUCT_NAME = "$(TARGET_NAME)";
				SWIFT_VERSION = 5.0;
				TARGETED_DEVICE_FAMILY = "1,2";
				TEST_TARGET_NAME = Invested;
			};
			name = Release;
		};
/* End XCBuildConfiguration section */

/* Begin XCConfigurationList section */
		800C6657270055EA00FC1CBE /* Build configuration list for PBXProject "Invested" */ = {
			isa = XCConfigurationList;
			buildConfigurations = (
				800C667F270055ED00FC1CBE /* Debug */,
				800C6680270055ED00FC1CBE /* Release */,
			);
			defaultConfigurationIsVisible = 0;
			defaultConfigurationName = Release;
		};
		800C6681270055ED00FC1CBE /* Build configuration list for PBXNativeTarget "Invested" */ = {
			isa = XCConfigurationList;
			buildConfigurations = (
				800C6682270055ED00FC1CBE /* Debug */,
				800C6683270055ED00FC1CBE /* Release */,
			);
			defaultConfigurationIsVisible = 0;
			defaultConfigurationName = Release;
		};
		800C6684270055ED00FC1CBE /* Build configuration list for PBXNativeTarget "InvestedTests" */ = {
			isa = XCConfigurationList;
			buildConfigurations = (
				800C6685270055ED00FC1CBE /* Debug */,
				800C6686270055ED00FC1CBE /* Release */,
			);
			defaultConfigurationIsVisible = 0;
			defaultConfigurationName = Release;
		};
		800C6687270055ED00FC1CBE /* Build configuration list for PBXNativeTarget "InvestedUITests" */ = {
			isa = XCConfigurationList;
			buildConfigurations = (
				800C6688270055ED00FC1CBE /* Debug */,
				800C6689270055ED00FC1CBE /* Release */,
			);
			defaultConfigurationIsVisible = 0;
			defaultConfigurationName = Release;
		};
/* End XCConfigurationList section */
	};
	rootObject = 800C6654270055EA00FC1CBE /* Project object */;
}
